
Microsoft Visual Studio Solution File, Format Version 12.00
# Visual Studio Version 17
VisualStudioVersion = 17.0.31912.275
MinimumVisualStudioVersion = 10.0.40219.1
Project("{9A19103F-16F7-4668-BE54-9A1E7A4F7556}") = "HitachiTask", "HitachiTask\HitachiTask.csproj", "{6E5BC8F0-8118-4F01-B445-C67C1F9BB5F2}"
EndProject
Project("{FAE04EC0-301F-11D3-BF4B-00C04F79EFBC}") = "HitachiTaskTests", "TestHitachiTask\HitachiTaskTests.csproj", "{F20AED91-3201-4EF7-BCAC-36AA2133CF5C}"
EndProject
Global
	GlobalSection(SolutionConfigurationPlatforms) = preSolution
		Debug|Any CPU = Debug|Any CPU
		Release|Any CPU = Release|Any CPU
	EndGlobalSection
	GlobalSection(ProjectConfigurationPlatforms) = postSolution
		{6E5BC8F0-8118-4F01-B445-C67C1F9BB5F2}.Debug|Any CPU.ActiveCfg = Debug|Any CPU
		{6E5BC8F0-8118-4F01-B445-C67C1F9BB5F2}.Debug|Any CPU.Build.0 = Debug|Any CPU
		{6E5BC8F0-8118-4F01-B445-C67C1F9BB5F2}.Release|Any CPU.ActiveCfg = Release|Any CPU
		{6E5BC8F0-8118-4F01-B445-C67C1F9BB5F2}.Release|Any CPU.Build.0 = Release|Any CPU
		{F20AED91-3201-4EF7-BCAC-36AA2133CF5C}.Debug|Any CPU.ActiveCfg = Debug|Any CPU
		{F20AED91-3201-4EF7-BCAC-36AA2133CF5C}.Debug|Any CPU.Build.0 = Debug|Any CPU
		{F20AED91-3201-4EF7-BCAC-36AA2133CF5C}.Release|Any CPU.ActiveCfg = Release|Any CPU
		{F20AED91-3201-4EF7-BCAC-36AA2133CF5C}.Release|Any CPU.Build.0 = Release|Any CPU
	EndGlobalSection
	GlobalSection(SolutionProperties) = preSolution
		HideSolutionNode = FALSE
	EndGlobalSection
	GlobalSection(ExtensibilityGlobals) = postSolution
		SolutionGuid = {5BF6C524-5577-4A0B-B7CB-087FC34E1DDD}
	EndGlobalSection
EndGlobal
